
Microsoft Visual Studio Solution File, Format Version 12.00
# Visual Studio 15
VisualStudioVersion = 15.0.27428.2011
MinimumVisualStudioVersion = 10.0.40219.1
Project("{9A19103F-16F7-4668-BE54-9A1E7A4F7556}") = "WebApplication2", "WebApplication2\WebApplication2.csproj", "{0C7E1551-2449-43EA-A4C6-CC2B0A2834C1}"
	ProjectSection(ProjectDependencies) = postProject
		{2DEBBB14-00DB-4AC2-9DA1-3584347B550C} = {2DEBBB14-00DB-4AC2-9DA1-3584347B550C}
	EndProjectSection
EndProject
Project("{9A19103F-16F7-4668-BE54-9A1E7A4F7556}") = "Common", "Common\Common.csproj", "{21A84F4C-0841-4FB1-992E-56579328EAE6}"
EndProject
Project("{9A19103F-16F7-4668-BE54-9A1E7A4F7556}") = "Domain.Services", "Domain.Services\Domain.Services.csproj", "{2DEBBB14-00DB-4AC2-9DA1-3584347B550C}"
EndProject
Project("{9A19103F-16F7-4668-BE54-9A1E7A4F7556}") = "Domain.Repository", "Domain.Repository\Domain.Repository.csproj", "{D0DDB36B-C1B1-4BA8-B497-154CD2C1A08B}"
	ProjectSection(ProjectDependencies) = postProject
		{21A84F4C-0841-4FB1-992E-56579328EAE6} = {21A84F4C-0841-4FB1-992E-56579328EAE6}
	EndProjectSection
EndProject
Project("{9A19103F-16F7-4668-BE54-9A1E7A4F7556}") = "Domain.DomainEntities", "Domain.DomainEntities\Domain.DomainEntities.csproj", "{8FA4BC64-F440-41C7-8FBC-30F0F6209139}"
EndProject
Global
	GlobalSection(SolutionConfigurationPlatforms) = preSolution
		Debug|Any CPU = Debug|Any CPU
		Release|Any CPU = Release|Any CPU
	EndGlobalSection
	GlobalSection(ProjectConfigurationPlatforms) = postSolution
		{0C7E1551-2449-43EA-A4C6-CC2B0A2834C1}.Debug|Any CPU.ActiveCfg = Debug|Any CPU
		{0C7E1551-2449-43EA-A4C6-CC2B0A2834C1}.Debug|Any CPU.Build.0 = Debug|Any CPU
		{0C7E1551-2449-43EA-A4C6-CC2B0A2834C1}.Release|Any CPU.ActiveCfg = Release|Any CPU
		{0C7E1551-2449-43EA-A4C6-CC2B0A2834C1}.Release|Any CPU.Build.0 = Release|Any CPU
		{21A84F4C-0841-4FB1-992E-56579328EAE6}.Debug|Any CPU.ActiveCfg = Debug|Any CPU
		{21A84F4C-0841-4FB1-992E-56579328EAE6}.Debug|Any CPU.Build.0 = Debug|Any CPU
		{21A84F4C-0841-4FB1-992E-56579328EAE6}.Release|Any CPU.ActiveCfg = Release|Any CPU
		{21A84F4C-0841-4FB1-992E-56579328EAE6}.Release|Any CPU.Build.0 = Release|Any CPU
		{2DEBBB14-00DB-4AC2-9DA1-3584347B550C}.Debug|Any CPU.ActiveCfg = Debug|Any CPU
		{2DEBBB14-00DB-4AC2-9DA1-3584347B550C}.Debug|Any CPU.Build.0 = Debug|Any CPU
		{2DEBBB14-00DB-4AC2-9DA1-3584347B550C}.Release|Any CPU.ActiveCfg = Release|Any CPU
		{2DEBBB14-00DB-4AC2-9DA1-3584347B550C}.Release|Any CPU.Build.0 = Release|Any CPU
		{D0DDB36B-C1B1-4BA8-B497-154CD2C1A08B}.Debug|Any CPU.ActiveCfg = Debug|Any CPU
		{D0DDB36B-C1B1-4BA8-B497-154CD2C1A08B}.Debug|Any CPU.Build.0 = Debug|Any CPU
		{D0DDB36B-C1B1-4BA8-B497-154CD2C1A08B}.Release|Any CPU.ActiveCfg = Release|Any CPU
		{D0DDB36B-C1B1-4BA8-B497-154CD2C1A08B}.Release|Any CPU.Build.0 = Release|Any CPU
		{8FA4BC64-F440-41C7-8FBC-30F0F6209139}.Debug|Any CPU.ActiveCfg = Debug|Any CPU
		{8FA4BC64-F440-41C7-8FBC-30F0F6209139}.Debug|Any CPU.Build.0 = Debug|Any CPU
		{8FA4BC64-F440-41C7-8FBC-30F0F6209139}.Release|Any CPU.ActiveCfg = Release|Any CPU
		{8FA4BC64-F440-41C7-8FBC-30F0F6209139}.Release|Any CPU.Build.0 = Release|Any CPU
	EndGlobalSection
	GlobalSection(SolutionProperties) = preSolution
		HideSolutionNode = FALSE
	EndGlobalSection
	GlobalSection(ExtensibilityGlobals) = postSolution
		SolutionGuid = {C560CDE3-EA6A-4A83-A086-F4FFA9EB7990}
	EndGlobalSection
EndGlobal
